
Microsoft Visual Studio Solution File, Format Version 12.00
Project("{FAE04EC0-301F-11D3-BF4B-00C04F79EFBC}") = "Mimon.Api", "Mimon.Api\Mimon.Api.csproj", "{2A6777B5-8093-44FC-8BBC-B7E73E44D003}"
EndProject
Project("{FAE04EC0-301F-11D3-BF4B-00C04F79EFBC}") = "Mimon.Api.Dto", "Mimon.Api.Dto\Mimon.Api.Dto.csproj", "{37691E28-FC00-499D-A70E-2F18AE8F89E8}"
EndProject
Project("{FAE04EC0-301F-11D3-BF4B-00C04F79EFBC}") = "Mimon.BusinessLogic", "Mimon.BusinessLogic\Mimon.BusinessLogic.csproj", "{804C1CAD-2456-4E18-B619-5041DF66CEEE}"
EndProject
Global
	GlobalSection(SolutionConfigurationPlatforms) = preSolution
		Debug|Any CPU = Debug|Any CPU
		Release|Any CPU = Release|Any CPU
	EndGlobalSection
	GlobalSection(ProjectConfigurationPlatforms) = postSolution
		{2A6777B5-8093-44FC-8BBC-B7E73E44D003}.Debug|Any CPU.ActiveCfg = Debug|Any CPU
		{2A6777B5-8093-44FC-8BBC-B7E73E44D003}.Debug|Any CPU.Build.0 = Debug|Any CPU
		{2A6777B5-8093-44FC-8BBC-B7E73E44D003}.Release|Any CPU.ActiveCfg = Release|Any CPU
		{2A6777B5-8093-44FC-8BBC-B7E73E44D003}.Release|Any CPU.Build.0 = Release|Any CPU
		{37691E28-FC00-499D-A70E-2F18AE8F89E8}.Debug|Any CPU.ActiveCfg = Debug|Any CPU
		{37691E28-FC00-499D-A70E-2F18AE8F89E8}.Debug|Any CPU.Build.0 = Debug|Any CPU
		{37691E28-FC00-499D-A70E-2F18AE8F89E8}.Release|Any CPU.ActiveCfg = Release|Any CPU
		{37691E28-FC00-499D-A70E-2F18AE8F89E8}.Release|Any CPU.Build.0 = Release|Any CPU
		{804C1CAD-2456-4E18-B619-5041DF66CEEE}.Debug|Any CPU.ActiveCfg = Debug|Any CPU
		{804C1CAD-2456-4E18-B619-5041DF66CEEE}.Debug|Any CPU.Build.0 = Debug|Any CPU
		{804C1CAD-2456-4E18-B619-5041DF66CEEE}.Release|Any CPU.ActiveCfg = Release|Any CPU
		{804C1CAD-2456-4E18-B619-5041DF66CEEE}.Release|Any CPU.Build.0 = Release|Any CPU
	EndGlobalSection
EndGlobal
