
Microsoft Visual Studio Solution File, Format Version 12.00
Project("{FAE04EC0-301F-11D3-BF4B-00C04F79EFBC}") = "Mimon.Api", "Mimon.Api\Mimon.Api.csproj", "{2A6777B5-8093-44FC-8BBC-B7E73E44D003}"
EndProject
Project("{FAE04EC0-301F-11D3-BF4B-00C04F79EFBC}") = "Mimon.Api.Dto", "Mimon.Api.Dto\Mimon.Api.Dto.csproj", "{37691E28-FC00-499D-A70E-2F18AE8F89E8}"
EndProject
Project("{FAE04EC0-301F-11D3-BF4B-00C04F79EFBC}") = "Mimon.BusinessLogic", "Mimon.BusinessLogic\Mimon.BusinessLogic.csproj", "{804C1CAD-2456-4E18-B619-5041DF66CEEE}"
EndProject
Project("{2150E333-8FDC-42A3-9474-1A3956D46DE8}") = "Api", "Api", "{A2A7E537-DAF3-403A-80FB-D3D19408181A}"
EndProject
Project("{2150E333-8FDC-42A3-9474-1A3956D46DE8}") = "Tests", "Tests", "{9A97A510-D274-4871-9001-AB2015522879}"
EndProject
Project("{FAE04EC0-301F-11D3-BF4B-00C04F79EFBC}") = "Mimon.Tests.UnitTests", "Mimon.Tests.UnitTests\Mimon.Tests.UnitTests.csproj", "{BD846AD4-0AF6-44C3-B7D9-3D71E19D1CB3}"
EndProject
Project("{FAE04EC0-301F-11D3-BF4B-00C04F79EFBC}") = "Mimon.Tests.Common", "Mimon.Tests.Common\Mimon.Tests.Common.csproj", "{042F9B70-2277-4DF5-9365-9012D11EFB29}"
EndProject
Global
	GlobalSection(SolutionConfigurationPlatforms) = preSolution
		Debug|Any CPU = Debug|Any CPU
		Release|Any CPU = Release|Any CPU
	EndGlobalSection
	GlobalSection(ProjectConfigurationPlatforms) = postSolution
		{2A6777B5-8093-44FC-8BBC-B7E73E44D003}.Debug|Any CPU.ActiveCfg = Debug|Any CPU
		{2A6777B5-8093-44FC-8BBC-B7E73E44D003}.Debug|Any CPU.Build.0 = Debug|Any CPU
		{2A6777B5-8093-44FC-8BBC-B7E73E44D003}.Release|Any CPU.ActiveCfg = Release|Any CPU
		{2A6777B5-8093-44FC-8BBC-B7E73E44D003}.Release|Any CPU.Build.0 = Release|Any CPU
		{37691E28-FC00-499D-A70E-2F18AE8F89E8}.Debug|Any CPU.ActiveCfg = Debug|Any CPU
		{37691E28-FC00-499D-A70E-2F18AE8F89E8}.Debug|Any CPU.Build.0 = Debug|Any CPU
		{37691E28-FC00-499D-A70E-2F18AE8F89E8}.Release|Any CPU.ActiveCfg = Release|Any CPU
		{37691E28-FC00-499D-A70E-2F18AE8F89E8}.Release|Any CPU.Build.0 = Release|Any CPU
		{804C1CAD-2456-4E18-B619-5041DF66CEEE}.Debug|Any CPU.ActiveCfg = Debug|Any CPU
		{804C1CAD-2456-4E18-B619-5041DF66CEEE}.Debug|Any CPU.Build.0 = Debug|Any CPU
		{804C1CAD-2456-4E18-B619-5041DF66CEEE}.Release|Any CPU.ActiveCfg = Release|Any CPU
		{804C1CAD-2456-4E18-B619-5041DF66CEEE}.Release|Any CPU.Build.0 = Release|Any CPU
		{BD846AD4-0AF6-44C3-B7D9-3D71E19D1CB3}.Debug|Any CPU.ActiveCfg = Debug|Any CPU
		{BD846AD4-0AF6-44C3-B7D9-3D71E19D1CB3}.Debug|Any CPU.Build.0 = Debug|Any CPU
		{BD846AD4-0AF6-44C3-B7D9-3D71E19D1CB3}.Release|Any CPU.ActiveCfg = Release|Any CPU
		{BD846AD4-0AF6-44C3-B7D9-3D71E19D1CB3}.Release|Any CPU.Build.0 = Release|Any CPU
		{042F9B70-2277-4DF5-9365-9012D11EFB29}.Debug|Any CPU.ActiveCfg = Debug|Any CPU
		{042F9B70-2277-4DF5-9365-9012D11EFB29}.Debug|Any CPU.Build.0 = Debug|Any CPU
		{042F9B70-2277-4DF5-9365-9012D11EFB29}.Release|Any CPU.ActiveCfg = Release|Any CPU
		{042F9B70-2277-4DF5-9365-9012D11EFB29}.Release|Any CPU.Build.0 = Release|Any CPU
	EndGlobalSection
	GlobalSection(NestedProjects) = preSolution
		{2A6777B5-8093-44FC-8BBC-B7E73E44D003} = {A2A7E537-DAF3-403A-80FB-D3D19408181A}
		{37691E28-FC00-499D-A70E-2F18AE8F89E8} = {A2A7E537-DAF3-403A-80FB-D3D19408181A}
		{804C1CAD-2456-4E18-B619-5041DF66CEEE} = {A2A7E537-DAF3-403A-80FB-D3D19408181A}
		{BD846AD4-0AF6-44C3-B7D9-3D71E19D1CB3} = {9A97A510-D274-4871-9001-AB2015522879}
		{042F9B70-2277-4DF5-9365-9012D11EFB29} = {9A97A510-D274-4871-9001-AB2015522879}
	EndGlobalSection
EndGlobal
